{
    "_readme": [
        "This file locks the dependencies of your project to a known state",
        "Read more about it at https://getcomposer.org/doc/01-basic-usage.md#composer-lock-the-lock-file",
        "This file is @generated automatically"
    ],
    "content-hash": "9021dc8f68abf1bbb3924e75e401df45",
    "packages": [
        {
            "name": "monolog/monolog",
            "version": "1.24.0",
            "source": {
                "type": "git",
                "url": "https://github.com/Seldaek/monolog.git",
                "reference": "bfc9ebb28f97e7a24c45bdc3f0ff482e47bb0266"
            },
            "dist": {
                "type": "zip",
                "url": "https://api.github.com/repos/Seldaek/monolog/zipball/bfc9ebb28f97e7a24c45bdc3f0ff482e47bb0266",
                "reference": "bfc9ebb28f97e7a24c45bdc3f0ff482e47bb0266",
                "shasum": ""
            },
            "require": {
                "php": ">=5.3.0",
                "psr/log": "~1.0"
            },
            "provide": {
                "psr/log-implementation": "1.0.0"
            },
            "require-dev": {
                "aws/aws-sdk-php": "^2.4.9 || ^3.0",
                "doctrine/couchdb": "~1.0@dev",
                "graylog2/gelf-php": "~1.0",
                "jakub-onderka/php-parallel-lint": "0.9",
                "php-amqplib/php-amqplib": "~2.4",
                "php-console/php-console": "^3.1.3",
                "phpunit/phpunit": "~4.5",
                "phpunit/phpunit-mock-objects": "2.3.0",
                "ruflin/elastica": ">=0.90 <3.0",
                "sentry/sentry": "^0.13",
                "swiftmailer/swiftmailer": "^5.3|^6.0"
            },
            "suggest": {
                "aws/aws-sdk-php": "Allow sending log messages to AWS services like DynamoDB",
                "doctrine/couchdb": "Allow sending log messages to a CouchDB server",
                "ext-amqp": "Allow sending log messages to an AMQP server (1.0+ required)",
                "ext-mongo": "Allow sending log messages to a MongoDB server",
                "graylog2/gelf-php": "Allow sending log messages to a GrayLog2 server",
                "mongodb/mongodb": "Allow sending log messages to a MongoDB server via PHP Driver",
                "php-amqplib/php-amqplib": "Allow sending log messages to an AMQP server using php-amqplib",
                "php-console/php-console": "Allow sending log messages to Google Chrome",
                "rollbar/rollbar": "Allow sending log messages to Rollbar",
                "ruflin/elastica": "Allow sending log messages to an Elastic Search server",
                "sentry/sentry": "Allow sending log messages to a Sentry server"
            },
            "type": "library",
            "extra": {
                "branch-alias": {
                    "dev-master": "2.0.x-dev"
                }
            },
            "autoload": {
                "psr-4": {
                    "Monolog\\": "src/Monolog"
                }
            },
            "notification-url": "https://packagist.org/downloads/",
            "license": [
                "MIT"
            ],
            "authors": [
                {
                    "name": "Jordi Boggiano",
                    "email": "j.boggiano@seld.be",
                    "homepage": "http://seld.be"
                }
            ],
            "description": "Sends your logs to files, sockets, inboxes, databases and various web services",
            "homepage": "http://github.com/Seldaek/monolog",
            "keywords": [
                "log",
                "logging",
                "psr-3"
            ],
            "time": "2018-11-05T09:00:11+00:00"
        },
        {
            "name": "phptars/tars-client",
            "version": "0.2.2",
            "source": {
                "type": "git",
                "url": "https://github.com/TarsPHP/tars-client.git",
                "reference": "e53aa613b52efba60149142e818b294e8e2de871"
            },
            "dist": {
                "type": "zip",
                "url": "https://api.github.com/repos/TarsPHP/tars-client/zipball/e53aa613b52efba60149142e818b294e8e2de871",
                "reference": "e53aa613b52efba60149142e818b294e8e2de871",
                "shasum": ""
            },
            "require": {
                "php": ">=5.3",
                "phptars/tars-monitor": "~0.2",
                "phptars/tars-registry": "~0.1",
                "phptars/tars-utils": "~0.2"
            },
            "type": "library",
            "autoload": {
                "psr-4": {
                    "Tars\\client\\": "src/"
                }
            },
            "notification-url": "https://packagist.org/downloads/",
            "authors": [
                {
                    "name": "Xiaoguang Cui",
                    "email": "cuixiaoguang@yuewen.com"
                },
                {
                    "name": "Chen Liang",
                    "email": "cedricliang21@gmail.com"
                }
            ],
            "description": "tars的php-client能力",
            "time": "2018-12-26T07:30:24+00:00"
        },
        {
            "name": "phptars/tars-config",
            "version": "0.1.6",
            "source": {
                "type": "git",
                "url": "https://github.com/TarsPHP/tars-config.git",
                "reference": "bc2ddc4efd3a3fb3728850078fb7dbff5c1353f2"
            },
            "dist": {
                "type": "zip",
                "url": "https://api.github.com/repos/TarsPHP/tars-config/zipball/bc2ddc4efd3a3fb3728850078fb7dbff5c1353f2",
                "reference": "bc2ddc4efd3a3fb3728850078fb7dbff5c1353f2",
                "shasum": ""
            },
            "require": {
                "php": ">=5.3",
                "phptars/tars-client": "~0.1"
            },
            "type": "library",
            "autoload": {
                "psr-4": {
                    "Tars\\config\\": "src/"
                }
            },
            "notification-url": "https://packagist.org/downloads/",
            "authors": [
                {
                    "name": "Chen Liang",
                    "email": "cedricliang21@gmail.com"
                }
            ],
            "description": "tars的配置拉取",
            "time": "2018-12-25T06:19:43+00:00"
        },
        {
            "name": "phptars/tars-deploy",
            "version": "0.1.1",
            "source": {
                "type": "git",
                "url": "https://github.com/TarsPHP/tars-deploy.git",
                "reference": "90757c476426860cd6634f4f6bd46d43fa69f60f"
            },
            "dist": {
                "type": "zip",
                "url": "https://api.github.com/repos/TarsPHP/tars-deploy/zipball/90757c476426860cd6634f4f6bd46d43fa69f60f",
                "reference": "90757c476426860cd6634f4f6bd46d43fa69f60f",
                "shasum": ""
            },
            "require": {
                "php": ">=5.3"
            },
            "type": "library",
            "autoload": {
                "psr-4": {
                    "Tars\\deploy\\": "src/"
                }
            },
            "notification-url": "https://packagist.org/downloads/",
            "authors": [
                {
                    "name": "Panpan Ding",
                    "email": "dingpanpan@yuewen.com"
                }
            ],
            "description": "tarsphp 打包",
            "time": "2018-09-11T12:18:10+00:00"
        },
        {
            "name": "phptars/tars-log",
            "version": "0.1.5",
            "source": {
                "type": "git",
                "url": "https://github.com/TarsPHP/tars-log.git",
                "reference": "fb985094121030c68dab979b5b6f73ae3fcc4870"
            },
            "dist": {
                "type": "zip",
                "url": "https://api.github.com/repos/TarsPHP/tars-log/zipball/fb985094121030c68dab979b5b6f73ae3fcc4870",
                "reference": "fb985094121030c68dab979b5b6f73ae3fcc4870",
                "shasum": ""
            },
            "require": {
                "monolog/monolog": "^1.23",
                "php": ">=5.5",
                "phptars/tars-client": "~0.1"
            },
            "type": "library",
            "autoload": {
                "psr-4": {
                    "Tars\\log\\": "src/"
                }
            },
            "notification-url": "https://packagist.org/downloads/",
            "authors": [
                {
                    "name": "Chen Liang",
                    "email": "liangchen@yuewen.com"
                },
                {
                    "name": "Jingfeng Liu",
                    "email": "liujingfeng.a@yuewen.com"
                }
            ],
            "description": "tars的远程日志",
            "time": "2018-09-14T06:24:57+00:00"
        },
        {
            "name": "phptars/tars-monitor",
            "version": "0.2.3",
            "source": {
                "type": "git",
                "url": "https://github.com/TarsPHP/tars-monitor.git",
                "reference": "1292fb55da3085ea584e5be8902ad9637884a06b"
            },
            "dist": {
                "type": "zip",
                "url": "https://api.github.com/repos/TarsPHP/tars-monitor/zipball/1292fb55da3085ea584e5be8902ad9637884a06b",
                "reference": "1292fb55da3085ea584e5be8902ad9637884a06b",
                "shasum": ""
            },
            "require": {
                "php": ">=5.5",
                "phptars/tars-registry": "~0.1",
                "phptars/tars-utils": "~0.2"
            },
            "type": "library",
            "autoload": {
                "psr-4": {
                    "Tars\\monitor\\": "src/"
                }
            },
            "notification-url": "https://packagist.org/downloads/",
            "authors": [
                {
                    "name": "Jingfeng Liu",
                    "email": "liujingfeng.a@yuewen.com"
                },
                {
                    "name": "Chen Liang",
                    "email": "cedricliang21@gmail.com"
                }
            ],
            "description": "tars的主调和特性上报",
            "time": "2018-12-26T07:20:11+00:00"
        },
        {
            "name": "phptars/tars-registry",
            "version": "0.1.6",
            "source": {
                "type": "git",
                "url": "https://github.com/TarsPHP/tars-registry.git",
                "reference": "f575911b65984a1288506cbc08e175b54003b16b"
            },
            "dist": {
                "type": "zip",
                "url": "https://api.github.com/repos/TarsPHP/tars-registry/zipball/f575911b65984a1288506cbc08e175b54003b16b",
                "reference": "f575911b65984a1288506cbc08e175b54003b16b",
                "shasum": ""
            },
            "require": {
                "php": ">=5.3",
                "phptars/tars-utils": "~0.1"
            },
            "type": "library",
            "autoload": {
                "psr-4": {
                    "Tars\\registry\\": "src/"
                }
            },
            "notification-url": "https://packagist.org/downloads/",
            "authors": [
                {
                    "name": "Chen Liang",
                    "email": "liangchen@yuewen.com"
                }
            ],
            "description": "tars的php主控寻址相关",
            "time": "2018-09-25T11:19:29+00:00"
        },
        {
            "name": "phptars/tars-report",
            "version": "0.1.3",
            "source": {
                "type": "git",
                "url": "https://github.com/TarsPHP/tars-report.git",
                "reference": "3230d09adcf1a2b7a266b493488b05b140634cc0"
            },
            "dist": {
                "type": "zip",
                "url": "https://api.github.com/repos/TarsPHP/tars-report/zipball/3230d09adcf1a2b7a266b493488b05b140634cc0",
                "reference": "3230d09adcf1a2b7a266b493488b05b140634cc0",
                "shasum": ""
            },
            "require": {
                "php": ">=5.3"
            },
            "type": "library",
            "autoload": {
                "psr-4": {
                    "Tars\\report\\": "src/"
                }
            },
            "notification-url": "https://packagist.org/downloads/",
            "authors": [
                {
                    "name": "Chen Liang",
                    "email": "cedricliang21@gmail.com"
                }
            ],
            "description": "tars进行keep-alive上报的模块",
            "time": "2018-12-24T07:45:37+00:00"
        },
        {
            "name": "phptars/tars-server",
            "version": "0.2.3",
            "source": {
                "type": "git",
                "url": "https://github.com/TarsPHP/tars-server.git",
                "reference": "4a120f111746c0e8fdab08627541ad72372bdbf5"
            },
            "dist": {
                "type": "zip",
                "url": "https://api.github.com/repos/TarsPHP/tars-server/zipball/4a120f111746c0e8fdab08627541ad72372bdbf5",
                "reference": "4a120f111746c0e8fdab08627541ad72372bdbf5",
                "shasum": ""
            },
            "require": {
                "php": ">=5.6",
                "phptars/tars-client": "~0.2",
                "phptars/tars-config": "~0.1",
                "phptars/tars-monitor": "~0.2",
                "phptars/tars-report": "~0.1"
            },
            "type": "library",
            "autoload": {
                "psr-4": {
                    "Tars\\": "src/"
                }
            },
            "notification-url": "https://packagist.org/downloads/",
            "authors": [
                {
                    "name": "Panpan Ding",
                    "email": "dingpanpan@yuewen.com"
                },
                {
                    "name": "Chen Liang",
                    "email": "cedricliang21@gmail.com"
                }
            ],
            "description": "tars的php框架",
            "time": "2018-12-26T07:30:58+00:00"
        },
        {
            "name": "phptars/tars-utils",
            "version": "0.2.0",
            "source": {
                "type": "git",
                "url": "https://github.com/TarsPHP/tars-utils.git",
                "reference": "decd45f1b1300d21a87d45b6004feca9e4a451e4"
            },
            "dist": {
                "type": "zip",
                "url": "https://api.github.com/repos/TarsPHP/tars-utils/zipball/decd45f1b1300d21a87d45b6004feca9e4a451e4",
                "reference": "decd45f1b1300d21a87d45b6004feca9e4a451e4",
                "shasum": ""
            },
            "require": {
                "php": ">=5.3"
            },
            "type": "library",
            "autoload": {
                "psr-4": {
                    "Tars\\": "src/"
                }
            },
            "notification-url": "https://packagist.org/downloads/",
            "authors": [
                {
                    "name": "Chen Liang",
                    "email": "cedricliang21@gmail.com"
                }
            ],
            "description": "tars的php辅助文件",
            "time": "2018-12-24T07:24:32+00:00"
        },
        {
            "name": "phptars/tars2php",
            "version": "0.1.3",
            "source": {
                "type": "git",
                "url": "https://github.com/TarsPHP/tars2php.git",
                "reference": "a996fdc183bd1d6c6921d87af153aa54a6294b97"
            },
            "dist": {
                "type": "zip",
                "url": "https://api.github.com/repos/TarsPHP/tars2php/zipball/a996fdc183bd1d6c6921d87af153aa54a6294b97",
                "reference": "a996fdc183bd1d6c6921d87af153aa54a6294b97",
                "shasum": ""
            },
            "require": {
                "php": ">=5.3"
            },
            "type": "library",
            "notification-url": "https://packagist.org/downloads/",
            "authors": [
                {
                    "name": "Chen Liang",
                    "email": "liangchen@yuewen.com"
                }
            ],
            "description": "php代码自动生成工具",
            "time": "2018-09-11T10:40:14+00:00"
        },
        {
            "name": "psr/log",
            "version": "1.1.0",
            "source": {
                "type": "git",
                "url": "https://github.com/php-fig/log.git",
                "reference": "6c001f1daafa3a3ac1d8ff69ee4db8e799a654dd"
            },
            "dist": {
                "type": "zip",
                "url": "https://api.github.com/repos/php-fig/log/zipball/6c001f1daafa3a3ac1d8ff69ee4db8e799a654dd",
                "reference": "6c001f1daafa3a3ac1d8ff69ee4db8e799a654dd",
                "shasum": ""
            },
            "require": {
                "php": ">=5.3.0"
            },
            "type": "library",
            "extra": {
                "branch-alias": {
                    "dev-master": "1.0.x-dev"
                }
            },
            "autoload": {
                "psr-4": {
                    "Psr\\Log\\": "Psr/Log/"
                }
            },
            "notification-url": "https://packagist.org/downloads/",
            "license": [
                "MIT"
            ],
            "authors": [
                {
                    "name": "PHP-FIG",
                    "homepage": "http://www.php-fig.org/"
                }
            ],
            "description": "Common interface for logging libraries",
            "homepage": "https://github.com/php-fig/log",
            "keywords": [
                "log",
                "psr",
                "psr-3"
            ],
            "time": "2018-11-20T15:27:04+00:00"
        }
    ],
    "packages-dev": [],
    "aliases": [],
    "minimum-stability": "stable",
    "stability-flags": [],
    "prefer-stable": false,
    "prefer-lowest": false,
    "platform": {
        "ext-zip": ">=0.0.1"
    },
    "platform-dev": []
}
